
Microsoft Visual Studio Solution File, Format Version 12.00
# Visual Studio Version 16
VisualStudioVersion = 16.0.29926.136
MinimumVisualStudioVersion = 10.0.40219.1
Project("{2150E333-8FDC-42A3-9474-1A3956D46DE8}") = "test", "test", "{CEBCF98F-5EC3-4ED6-AC5C-20B5615C2A86}"
EndProject
Project("{9A19103F-16F7-4668-BE54-9A1E7A4F7556}") = "MySDK.MongoDB.Test", "test\MySDK.MongoDB.Test\MySDK.MongoDB.Test.csproj", "{1E8200CD-36BA-4A33-A73D-BC91ED781682}"
EndProject
Project("{2150E333-8FDC-42A3-9474-1A3956D46DE8}") = "src", "src", "{7005541E-E799-42F4-8326-3708A08FFA3A}"
EndProject
Project("{9A19103F-16F7-4668-BE54-9A1E7A4F7556}") = "MySDK.MongoDB", "src\MySDK.MongoDB\MySDK.MongoDB.csproj", "{ADFD9A28-01D2-4D7B-9EFD-7DDB9F848A7D}"
EndProject
Project("{9A19103F-16F7-4668-BE54-9A1E7A4F7556}") = "MySDK.Redis", "src\MySDK.Redis\MySDK.Redis.csproj", "{77FC2A2E-8501-49E9-B63A-F1EE9F21F557}"
EndProject
Project("{9A19103F-16F7-4668-BE54-9A1E7A4F7556}") = "MySKD.Redis.Test", "test\MySKD.Redis.Test\MySKD.Redis.Test.csproj", "{3DB54F4F-2B0D-48B1-9E6E-6438AED94C13}"
EndProject
Project("{9A19103F-16F7-4668-BE54-9A1E7A4F7556}") = "MySDK.Basic", "src\MySDK.Basic\MySDK.Basic.csproj", "{6D62E26C-E0CF-4668-A452-49EE32BA1B81}"
EndProject
Project("{9A19103F-16F7-4668-BE54-9A1E7A4F7556}") = "MySDK.Dapper", "src\MySDK.Dapper\MySDK.Dapper.csproj", "{EC751270-9A0A-4017-925D-198508E14C55}"
EndProject
Project("{9A19103F-16F7-4668-BE54-9A1E7A4F7556}") = "MySDK.DependencyInjection", "src\MySDK.DependencyInjection\MySDK.DependencyInjection.csproj", "{B46F7A75-34EC-4622-AF71-9F0BE7D2DC18}"
EndProject
Project("{9A19103F-16F7-4668-BE54-9A1E7A4F7556}") = "MySDK.Configuration", "src\MySDK.Configuration\MySDK.Configuration.csproj", "{D48CE0AD-E26F-4F9A-9351-94881D648642}"
EndProject
Project("{9A19103F-16F7-4668-BE54-9A1E7A4F7556}") = "MySDK.Minio", "src\MySDK.Minio\MySDK.Minio.csproj", "{B0E58731-8FA9-456C-9C9D-A8EEB16F7E23}"
EndProject
Project("{9A19103F-16F7-4668-BE54-9A1E7A4F7556}") = "MySDK.Serialization", "src\MySDK.Serianization\MySDK.Serialization.csproj", "{01356724-086B-486E-AD81-4FBC14485286}"
EndProject
Project("{9A19103F-16F7-4668-BE54-9A1E7A4F7556}") = "MySDK.Dapper.Test", "test\MySDK.Dapper.Test\MySDK.Dapper.Test.csproj", "{6F76DBB1-F4DA-4E91-B5D6-B9C837806364}"
EndProject
Project("{9A19103F-16F7-4668-BE54-9A1E7A4F7556}") = "MySDK.FlurlHttp", "src\MySDK.Url\MySDK.FlurlHttp.csproj", "{1AF68AFE-59C0-4605-8848-F03C1B25C923}"
EndProject
Project("{9A19103F-16F7-4668-BE54-9A1E7A4F7556}") = "MySDK.DependencyInjection.Test", "test\MySDK.DependencyInjection.Test\MySDK.DependencyInjection.Test.csproj", "{38C5AA43-C4A4-4A34-A41F-8274316D8344}"
EndProject
Global
	GlobalSection(SolutionConfigurationPlatforms) = preSolution
		Debug|Any CPU = Debug|Any CPU
		Release|Any CPU = Release|Any CPU
	EndGlobalSection
	GlobalSection(ProjectConfigurationPlatforms) = postSolution
		{1E8200CD-36BA-4A33-A73D-BC91ED781682}.Debug|Any CPU.ActiveCfg = Debug|Any CPU
		{1E8200CD-36BA-4A33-A73D-BC91ED781682}.Debug|Any CPU.Build.0 = Debug|Any CPU
		{1E8200CD-36BA-4A33-A73D-BC91ED781682}.Release|Any CPU.ActiveCfg = Release|Any CPU
		{1E8200CD-36BA-4A33-A73D-BC91ED781682}.Release|Any CPU.Build.0 = Release|Any CPU
		{ADFD9A28-01D2-4D7B-9EFD-7DDB9F848A7D}.Debug|Any CPU.ActiveCfg = Debug|Any CPU
		{ADFD9A28-01D2-4D7B-9EFD-7DDB9F848A7D}.Debug|Any CPU.Build.0 = Debug|Any CPU
		{ADFD9A28-01D2-4D7B-9EFD-7DDB9F848A7D}.Release|Any CPU.ActiveCfg = Release|Any CPU
		{ADFD9A28-01D2-4D7B-9EFD-7DDB9F848A7D}.Release|Any CPU.Build.0 = Release|Any CPU
		{77FC2A2E-8501-49E9-B63A-F1EE9F21F557}.Debug|Any CPU.ActiveCfg = Debug|Any CPU
		{77FC2A2E-8501-49E9-B63A-F1EE9F21F557}.Debug|Any CPU.Build.0 = Debug|Any CPU
		{77FC2A2E-8501-49E9-B63A-F1EE9F21F557}.Release|Any CPU.ActiveCfg = Release|Any CPU
		{77FC2A2E-8501-49E9-B63A-F1EE9F21F557}.Release|Any CPU.Build.0 = Release|Any CPU
		{3DB54F4F-2B0D-48B1-9E6E-6438AED94C13}.Debug|Any CPU.ActiveCfg = Debug|Any CPU
		{3DB54F4F-2B0D-48B1-9E6E-6438AED94C13}.Debug|Any CPU.Build.0 = Debug|Any CPU
		{3DB54F4F-2B0D-48B1-9E6E-6438AED94C13}.Release|Any CPU.ActiveCfg = Release|Any CPU
		{3DB54F4F-2B0D-48B1-9E6E-6438AED94C13}.Release|Any CPU.Build.0 = Release|Any CPU
		{6D62E26C-E0CF-4668-A452-49EE32BA1B81}.Debug|Any CPU.ActiveCfg = Debug|Any CPU
		{6D62E26C-E0CF-4668-A452-49EE32BA1B81}.Debug|Any CPU.Build.0 = Debug|Any CPU
		{6D62E26C-E0CF-4668-A452-49EE32BA1B81}.Release|Any CPU.ActiveCfg = Release|Any CPU
		{6D62E26C-E0CF-4668-A452-49EE32BA1B81}.Release|Any CPU.Build.0 = Release|Any CPU
		{EC751270-9A0A-4017-925D-198508E14C55}.Debug|Any CPU.ActiveCfg = Debug|Any CPU
		{EC751270-9A0A-4017-925D-198508E14C55}.Debug|Any CPU.Build.0 = Debug|Any CPU
		{EC751270-9A0A-4017-925D-198508E14C55}.Release|Any CPU.ActiveCfg = Release|Any CPU
		{EC751270-9A0A-4017-925D-198508E14C55}.Release|Any CPU.Build.0 = Release|Any CPU
		{B46F7A75-34EC-4622-AF71-9F0BE7D2DC18}.Debug|Any CPU.ActiveCfg = Debug|Any CPU
		{B46F7A75-34EC-4622-AF71-9F0BE7D2DC18}.Debug|Any CPU.Build.0 = Debug|Any CPU
		{B46F7A75-34EC-4622-AF71-9F0BE7D2DC18}.Release|Any CPU.ActiveCfg = Release|Any CPU
		{B46F7A75-34EC-4622-AF71-9F0BE7D2DC18}.Release|Any CPU.Build.0 = Release|Any CPU
		{D48CE0AD-E26F-4F9A-9351-94881D648642}.Debug|Any CPU.ActiveCfg = Debug|Any CPU
		{D48CE0AD-E26F-4F9A-9351-94881D648642}.Debug|Any CPU.Build.0 = Debug|Any CPU
		{D48CE0AD-E26F-4F9A-9351-94881D648642}.Release|Any CPU.ActiveCfg = Release|Any CPU
		{D48CE0AD-E26F-4F9A-9351-94881D648642}.Release|Any CPU.Build.0 = Release|Any CPU
		{B0E58731-8FA9-456C-9C9D-A8EEB16F7E23}.Debug|Any CPU.ActiveCfg = Debug|Any CPU
		{B0E58731-8FA9-456C-9C9D-A8EEB16F7E23}.Debug|Any CPU.Build.0 = Debug|Any CPU
		{B0E58731-8FA9-456C-9C9D-A8EEB16F7E23}.Release|Any CPU.ActiveCfg = Release|Any CPU
		{B0E58731-8FA9-456C-9C9D-A8EEB16F7E23}.Release|Any CPU.Build.0 = Release|Any CPU
		{01356724-086B-486E-AD81-4FBC14485286}.Debug|Any CPU.ActiveCfg = Debug|Any CPU
		{01356724-086B-486E-AD81-4FBC14485286}.Debug|Any CPU.Build.0 = Debug|Any CPU
		{01356724-086B-486E-AD81-4FBC14485286}.Release|Any CPU.ActiveCfg = Release|Any CPU
		{01356724-086B-486E-AD81-4FBC14485286}.Release|Any CPU.Build.0 = Release|Any CPU
		{6F76DBB1-F4DA-4E91-B5D6-B9C837806364}.Debug|Any CPU.ActiveCfg = Debug|Any CPU
		{6F76DBB1-F4DA-4E91-B5D6-B9C837806364}.Debug|Any CPU.Build.0 = Debug|Any CPU
		{6F76DBB1-F4DA-4E91-B5D6-B9C837806364}.Release|Any CPU.ActiveCfg = Release|Any CPU
		{6F76DBB1-F4DA-4E91-B5D6-B9C837806364}.Release|Any CPU.Build.0 = Release|Any CPU
		{1AF68AFE-59C0-4605-8848-F03C1B25C923}.Debug|Any CPU.ActiveCfg = Debug|Any CPU
		{1AF68AFE-59C0-4605-8848-F03C1B25C923}.Debug|Any CPU.Build.0 = Debug|Any CPU
		{1AF68AFE-59C0-4605-8848-F03C1B25C923}.Release|Any CPU.ActiveCfg = Release|Any CPU
		{1AF68AFE-59C0-4605-8848-F03C1B25C923}.Release|Any CPU.Build.0 = Release|Any CPU
		{38C5AA43-C4A4-4A34-A41F-8274316D8344}.Debug|Any CPU.ActiveCfg = Debug|Any CPU
		{38C5AA43-C4A4-4A34-A41F-8274316D8344}.Debug|Any CPU.Build.0 = Debug|Any CPU
		{38C5AA43-C4A4-4A34-A41F-8274316D8344}.Release|Any CPU.ActiveCfg = Release|Any CPU
		{38C5AA43-C4A4-4A34-A41F-8274316D8344}.Release|Any CPU.Build.0 = Release|Any CPU
	EndGlobalSection
	GlobalSection(SolutionProperties) = preSolution
		HideSolutionNode = FALSE
	EndGlobalSection
	GlobalSection(NestedProjects) = preSolution
		{1E8200CD-36BA-4A33-A73D-BC91ED781682} = {CEBCF98F-5EC3-4ED6-AC5C-20B5615C2A86}
		{ADFD9A28-01D2-4D7B-9EFD-7DDB9F848A7D} = {7005541E-E799-42F4-8326-3708A08FFA3A}
		{77FC2A2E-8501-49E9-B63A-F1EE9F21F557} = {7005541E-E799-42F4-8326-3708A08FFA3A}
		{3DB54F4F-2B0D-48B1-9E6E-6438AED94C13} = {CEBCF98F-5EC3-4ED6-AC5C-20B5615C2A86}
		{6D62E26C-E0CF-4668-A452-49EE32BA1B81} = {7005541E-E799-42F4-8326-3708A08FFA3A}
		{EC751270-9A0A-4017-925D-198508E14C55} = {7005541E-E799-42F4-8326-3708A08FFA3A}
		{B46F7A75-34EC-4622-AF71-9F0BE7D2DC18} = {7005541E-E799-42F4-8326-3708A08FFA3A}
		{D48CE0AD-E26F-4F9A-9351-94881D648642} = {7005541E-E799-42F4-8326-3708A08FFA3A}
		{B0E58731-8FA9-456C-9C9D-A8EEB16F7E23} = {7005541E-E799-42F4-8326-3708A08FFA3A}
		{01356724-086B-486E-AD81-4FBC14485286} = {7005541E-E799-42F4-8326-3708A08FFA3A}
		{6F76DBB1-F4DA-4E91-B5D6-B9C837806364} = {CEBCF98F-5EC3-4ED6-AC5C-20B5615C2A86}
		{1AF68AFE-59C0-4605-8848-F03C1B25C923} = {7005541E-E799-42F4-8326-3708A08FFA3A}
		{38C5AA43-C4A4-4A34-A41F-8274316D8344} = {CEBCF98F-5EC3-4ED6-AC5C-20B5615C2A86}
	EndGlobalSection
	GlobalSection(ExtensibilityGlobals) = postSolution
		SolutionGuid = {984D4CEE-3F85-431D-9FFC-2F868D079EF2}
	EndGlobalSection
EndGlobal
